
Microsoft Visual Studio Solution File, Format Version 12.00
# Visual Studio Version 17
VisualStudioVersion = 17.4.33213.308
MinimumVisualStudioVersion = 10.0.40219.1
Project("{FAE04EC0-301F-11D3-BF4B-00C04F79EFBC}") = "ImageEditor", "ImageEditor\ImageEditor.csproj", "{3334AED0-9E87-4810-8ACD-366B311B417A}"
EndProject
Global
	GlobalSection(SolutionConfigurationPlatforms) = preSolution
		Debug|Any CPU = Debug|Any CPU
		Release|Any CPU = Release|Any CPU
	EndGlobalSection
	GlobalSection(ProjectConfigurationPlatforms) = postSolution
		{3334AED0-9E87-4810-8ACD-366B311B417A}.Debug|Any CPU.ActiveCfg = Debug|Any CPU
		{3334AED0-9E87-4810-8ACD-366B311B417A}.Debug|Any CPU.Build.0 = Debug|Any CPU
		{3334AED0-9E87-4810-8ACD-366B311B417A}.Release|Any CPU.ActiveCfg = Release|Any CPU
		{3334AED0-9E87-4810-8ACD-366B311B417A}.Release|Any CPU.Build.0 = Release|Any CPU
	EndGlobalSection
	GlobalSection(SolutionProperties) = preSolution
		HideSolutionNode = FALSE
	EndGlobalSection
	GlobalSection(ExtensibilityGlobals) = postSolution
		SolutionGuid = {7A00342A-A76C-4D73-BA80-BC7EEFB0241C}
	EndGlobalSection
EndGlobal
